# THIS IS AN AUTOGENERATED FILE. DO NOT EDIT THIS FILE DIRECTLY.
# yarn lockfile v1


marked@^2.0.0:
  version "2.0.0"
  resolved "https://registry.yarnpkg.com/marked/-/marked-2.0.0.tgz#9662bbcb77ebbded0662a7be66ff929a8611cee5"
  integrity sha512-NqRSh2+LlN2NInpqTQnS614Y/3NkVMFFU6sJlRFEpxJ/LHuK/qJECH7/fXZjk4VZstPW/Pevjil/VtSONsLc7Q==
