# THIS IS AN AUTOGENERATED FILE. DO NOT EDIT THIS FILE DIRECTLY.
# yarn lockfile v1


marked@^1.2.0:
  version "1.2.0"
  resolved "https://registry.yarnpkg.com/marked/-/marked-1.2.0.tgz#7221ce2395fa6cf6d722e6f2871a32d3513c85ca"
  integrity sha512-tiRxakgbNPBr301ihe/785NntvYyhxlqcL3YaC8CaxJQh7kiaEtrN9B/eK2I2943Yjkh5gw25chYFDQhOMCwMA==
